
Microsoft Visual Studio Solution File, Format Version 12.00
Project("{FAE04EC0-301F-11D3-BF4B-00C04F79EFBC}") = "ShoppingCart.Api", "ShoppingCart.Api\ShoppingCart.Api.csproj", "{54CB251A-4BC0-4B67-AA8F-1CD50A1C6294}"
EndProject
Project("{FAE04EC0-301F-11D3-BF4B-00C04F79EFBC}") = "ShoppingCart.Test", "ShoppingCart.Test\ShoppingCart.Test.csproj", "{AA30365C-7BB3-4791-B5B0-0133F05C6DAF}"
EndProject
Global
	GlobalSection(SolutionConfigurationPlatforms) = preSolution
		Debug|Any CPU = Debug|Any CPU
		Release|Any CPU = Release|Any CPU
	EndGlobalSection
	GlobalSection(ProjectConfigurationPlatforms) = postSolution
		{54CB251A-4BC0-4B67-AA8F-1CD50A1C6294}.Debug|Any CPU.ActiveCfg = Debug|Any CPU
		{54CB251A-4BC0-4B67-AA8F-1CD50A1C6294}.Debug|Any CPU.Build.0 = Debug|Any CPU
		{54CB251A-4BC0-4B67-AA8F-1CD50A1C6294}.Release|Any CPU.ActiveCfg = Release|Any CPU
		{54CB251A-4BC0-4B67-AA8F-1CD50A1C6294}.Release|Any CPU.Build.0 = Release|Any CPU
		{AA30365C-7BB3-4791-B5B0-0133F05C6DAF}.Debug|Any CPU.ActiveCfg = Debug|Any CPU
		{AA30365C-7BB3-4791-B5B0-0133F05C6DAF}.Debug|Any CPU.Build.0 = Debug|Any CPU
		{AA30365C-7BB3-4791-B5B0-0133F05C6DAF}.Release|Any CPU.ActiveCfg = Release|Any CPU
		{AA30365C-7BB3-4791-B5B0-0133F05C6DAF}.Release|Any CPU.Build.0 = Release|Any CPU
	EndGlobalSection
EndGlobal
